
Microsoft Visual Studio Solution File, Format Version 12.00
# Visual Studio Version 17
VisualStudioVersion = 17.3.32922.545
MinimumVisualStudioVersion = 10.0.40219.1
Project("{FAE04EC0-301F-11D3-BF4B-00C04F79EFBC}") = "L11Cars", "L11Cars.csproj", "{CEF34CA6-C9C4-426E-A83C-0FAFBFD0B43E}"
EndProject
Global
	GlobalSection(SolutionConfigurationPlatforms) = preSolution
		Debug|Any CPU = Debug|Any CPU
		Release|Any CPU = Release|Any CPU
	EndGlobalSection
	GlobalSection(ProjectConfigurationPlatforms) = postSolution
		{CEF34CA6-C9C4-426E-A83C-0FAFBFD0B43E}.Debug|Any CPU.ActiveCfg = Debug|Any CPU
		{CEF34CA6-C9C4-426E-A83C-0FAFBFD0B43E}.Debug|Any CPU.Build.0 = Debug|Any CPU
		{CEF34CA6-C9C4-426E-A83C-0FAFBFD0B43E}.Release|Any CPU.ActiveCfg = Release|Any CPU
		{CEF34CA6-C9C4-426E-A83C-0FAFBFD0B43E}.Release|Any CPU.Build.0 = Release|Any CPU
	EndGlobalSection
	GlobalSection(SolutionProperties) = preSolution
		HideSolutionNode = FALSE
	EndGlobalSection
	GlobalSection(ExtensibilityGlobals) = postSolution
		SolutionGuid = {879BC48B-CCB8-4504-83BD-9B32637CC1F9}
	EndGlobalSection
EndGlobal
